<?xml version="1.0" encoding="UTF-8"?>
<Scheme
   version = "1.3">
   <BuildAction>
      <BuildActionEntries>
         <BuildActionEntry
            buildForRunning = "YES">
            <BuildableReference
               BuildableIdentifier = "primary"
               BlueprintIdentifier = "FB30E90F1BBC4527EBB2B0F8"
               BuildableName = "EmojiMixer.app"
               BlueprintName = "EmojiMixer"
               ReferencedContainer = "container:EmojiMixer.xcodeproj">
            </BuildableReference>
         </BuildActionEntry>
      </BuildActionEntries>
   </BuildAction>
   <LaunchAction
      useCustomWorkingDirectory = "NO"
      buildConfiguration = "Debug"
      allowLocationSimulation = "YES">
      <BuildableProductRunnable>
         <BuildableReference
            BuildableIdentifier = "primary"
            BlueprintIdentifier = "FB30E90F1BBC4527EBB2B0F8"
            BuildableName = "EmojiMixer.app"
            BlueprintName = "EmojiMixer"
            ReferencedContainer = "container:EmojiMixer.xcodeproj">
         </BuildableReference>
      </BuildableProductRunnable>
   </LaunchAction>
</Scheme>
