// !$*UTF8*$!
{
	archiveVersion = 1;
	classes = {
	};
	objectVersion = 46;
	objects = {

/* Begin PBXBuildFile section */
		FB30E1800F7BAF608D7F5D5E /* Assets.xcassets in Resources */ = {isa = PBXBuildFile; fileRef = FB30E9BC1F31446C486F62EF /* Assets.xcassets */; };
		FB30E1E153B0FB74BFD02CFE /* EmojiCell.swift in Sources */ = {isa = PBXBuildFile; fileRef = FB30EA1D830FC2A0BCECCECD /* EmojiCell.swift */; };
		FB30E605271292B6DE236011 /* EmojiCollection.swift in Sources */ = {isa = PBXBuildFile; fileRef = FB30E83F46E1D373D50633E7 /* EmojiCollection.swift */; };
		FB30E79256805B5A8594CD4D /* Main.storyboard in Resources */ = {isa = PBXBuildFile; fileRef = FB30E5DBFC21BE4D0628AA4D /* Main.storyboard */; };
		FB30EB531E5D659ED9207C5C /* AppDelegate.swift in Sources */ = {isa = PBXBuildFile; fileRef = FB30E17E5C7D73DDB52726EC /* AppDelegate.swift */; };
		FB30EE1CB5D74BB863EC1345 /* LaunchScreen.storyboard in Resources */ = {isa = PBXBuildFile; fileRef = FB30EB1FFF2A5D7576DB9434 /* LaunchScreen.storyboard */; };
		FB30EEE32481876829873C2F /* ViewController.swift in Sources */ = {isa = PBXBuildFile; fileRef = FB30E697CD8C78A8330239BB /* ViewController.swift */; };
		FB30EFC744E3057191FBA2A6 /* SceneDelegate.swift in Sources */ = {isa = PBXBuildFile; fileRef = FB30E52E8BC9A8CC9B358BC4 /* SceneDelegate.swift */; };
/* End PBXBuildFile section */

/* Begin PBXFileReference section */
		FB30E17E5C7D73DDB52726EC /* AppDelegate.swift */ = {isa = PBXFileReference; lastKnownFileType = sourcecode.swift; path = AppDelegate.swift; sourceTree = "<group>"; };
		FB30E2297B1594B4DC011446 /* Base */ = {isa = PBXFileReference; lastKnownFileType = file.storyboard; name = Base; path = Base.lproj/Main.storyboard; sourceTree = "<group>"; };
		FB30E52E8BC9A8CC9B358BC4 /* SceneDelegate.swift */ = {isa = PBXFileReference; lastKnownFileType = sourcecode.swift; path = SceneDelegate.swift; sourceTree = "<group>"; };
		FB30E697CD8C78A8330239BB /* ViewController.swift */ = {isa = PBXFileReference; lastKnownFileType = sourcecode.swift; path = ViewController.swift; sourceTree = "<group>"; };
		FB30E6BD08949B9DB25B5D50 /* Info.plist */ = {isa = PBXFileReference; lastKnownFileType = text.plist.info; path = Info.plist; sourceTree = "<group>"; };
		FB30E83F46E1D373D50633E7 /* EmojiCollection.swift */ = {isa = PBXFileReference; fileEncoding = 4; lastKnownFileType = sourcecode.swift; path = EmojiCollection.swift; sourceTree = "<group>"; };
		FB30E9223224083D9321B49F /* Base */ = {isa = PBXFileReference; lastKnownFileType = file.storyboard; name = Base; path = Base.lproj/LaunchScreen.storyboard; sourceTree = "<group>"; };
		FB30E9BC1F31446C486F62EF /* Assets.xcassets */ = {isa = PBXFileReference; lastKnownFileType = folder.assetcatalog; path = Assets.xcassets; sourceTree = "<group>"; };
		FB30EA1D830FC2A0BCECCECD /* EmojiCell.swift */ = {isa = PBXFileReference; fileEncoding = 4; lastKnownFileType = sourcecode.swift; path = EmojiCell.swift; sourceTree = "<group>"; };
		FB30EAEC4E8C02BB027579D0 /* EmojiMixer.app */ = {isa = PBXFileReference; explicitFileType = wrapper.application; includeInIndex = 0; path = EmojiMixer.app; sourceTree = BUILT_PRODUCTS_DIR; };
/* End PBXFileReference section */

/* Begin PBXFrameworksBuildPhase section */
		FB30EB548B9E55D416E7B936 /* Frameworks */ = {
			isa = PBXFrameworksBuildPhase;
			buildActionMask = 2147483647;
			files = (
			);
			runOnlyForDeploymentPostprocessing = 0;
		};
/* End PBXFrameworksBuildPhase section */

/* Begin PBXGroup section */
		FB30E169BAB843413F636B18 /* Products */ = {
			isa = PBXGroup;
			children = (
				FB30EAEC4E8C02BB027579D0 /* EmojiMixer.app */,
			);
			name = Products;
			sourceTree = "<group>";
		};
		FB30E415DC519A67D0B6F022 /* EmojiMixer */ = {
			isa = PBXGroup;
			children = (
				FB30E9BC1F31446C486F62EF /* Assets.xcassets */,
				FB30E17E5C7D73DDB52726EC /* AppDelegate.swift */,
				FB30EB1FFF2A5D7576DB9434 /* LaunchScreen.storyboard */,
				FB30E6BD08949B9DB25B5D50 /* Info.plist */,
				FB30E52E8BC9A8CC9B358BC4 /* SceneDelegate.swift */,
				FB30E697CD8C78A8330239BB /* ViewController.swift */,
				FB30E5DBFC21BE4D0628AA4D /* Main.storyboard */,
				FB30E53AE92DF78052A1573B /* EmojiCollection */,
			);
			path = EmojiMixer;
			sourceTree = "<group>";
		};
		FB30E53AE92DF78052A1573B /* EmojiCollection */ = {
			isa = PBXGroup;
			children = (
				FB30E83F46E1D373D50633E7 /* EmojiCollection.swift */,
				FB30EA1D830FC2A0BCECCECD /* EmojiCell.swift */,
			);
			path = EmojiCollection;
			sourceTree = "<group>";
		};
		FB30E7FC57DD93EDCDDD96C4 = {
			isa = PBXGroup;
			children = (
				FB30E169BAB843413F636B18 /* Products */,
				FB30E415DC519A67D0B6F022 /* EmojiMixer */,
			);
			sourceTree = "<group>";
		};
/* End PBXGroup section */

/* Begin PBXNativeTarget section */
		FB30E90F1BBC4527EBB2B0F8 /* EmojiMixer */ = {
			isa = PBXNativeTarget;
			buildConfigurationList = FB30E8E4C2756A75D7ACFC67 /* Build configuration list for PBXNativeTarget "EmojiMixer" */;
			buildPhases = (
				FB30E5C138ADA11AF3FCDE8C /* Sources */,
				FB30EB548B9E55D416E7B936 /* Frameworks */,
				FB30E80BC4063794B29B9322 /* Resources */,
			);
			buildRules = (
			);
			dependencies = (
			);
			name = EmojiMixer;
			productName = EmojiMixer;
			productReference = FB30EAEC4E8C02BB027579D0 /* EmojiMixer.app */;
			productType = "com.apple.product-type.application";
		};
/* End PBXNativeTarget section */

/* Begin PBXProject section */
		FB30ECF86313D17C880D77B4 /* Project object */ = {
			isa = PBXProject;
			buildConfigurationList = FB30EA81C1FB31F70A2ACCEC /* Build configuration list for PBXProject "EmojiMixer" */;
			compatibilityVersion = "Xcode 3.2";
			developmentRegion = English;
			hasScannedForEncodings = 0;
			knownRegions = (
				en,
			);
			mainGroup = FB30E7FC57DD93EDCDDD96C4;
			productRefGroup = FB30E169BAB843413F636B18 /* Products */;
			projectDirPath = "";
			projectRoot = "";
			targets = (
				FB30E90F1BBC4527EBB2B0F8 /* EmojiMixer */,
			);
		};
/* End PBXProject section */

/* Begin PBXResourcesBuildPhase section */
		FB30E80BC4063794B29B9322 /* Resources */ = {
			isa = PBXResourcesBuildPhase;
			buildActionMask = 2147483647;
			files = (
				FB30E1800F7BAF608D7F5D5E /* Assets.xcassets in Resources */,
				FB30EE1CB5D74BB863EC1345 /* LaunchScreen.storyboard in Resources */,
				FB30E79256805B5A8594CD4D /* Main.storyboard in Resources */,
			);
			runOnlyForDeploymentPostprocessing = 0;
		};
/* End PBXResourcesBuildPhase section */

/* Begin PBXSourcesBuildPhase section */
		FB30E5C138ADA11AF3FCDE8C /* Sources */ = {
			isa = PBXSourcesBuildPhase;
			buildActionMask = 2147483647;
			files = (
				FB30EB531E5D659ED9207C5C /* AppDelegate.swift in Sources */,
				FB30EFC744E3057191FBA2A6 /* SceneDelegate.swift in Sources */,
				FB30EEE32481876829873C2F /* ViewController.swift in Sources */,
				FB30E605271292B6DE236011 /* EmojiCollection.swift in Sources */,
				FB30E1E153B0FB74BFD02CFE /* EmojiCell.swift in Sources */,
			);
			runOnlyForDeploymentPostprocessing = 0;
		};
/* End PBXSourcesBuildPhase section */

/* Begin PBXVariantGroup section */
		FB30E5DBFC21BE4D0628AA4D /* Main.storyboard */ = {
			isa = PBXVariantGroup;
			children = (
				FB30E2297B1594B4DC011446 /* Base */,
			);
			name = Main.storyboard;
			sourceTree = "<group>";
		};
		FB30EB1FFF2A5D7576DB9434 /* LaunchScreen.storyboard */ = {
			isa = PBXVariantGroup;
			children = (
				FB30E9223224083D9321B49F /* Base */,
			);
			name = LaunchScreen.storyboard;
			sourceTree = "<group>";
		};
/* End PBXVariantGroup section */

/* Begin XCBuildConfiguration section */
		FB30E159A2A368177B8DD7AD /* Debug */ = {
			isa = XCBuildConfiguration;
			buildSettings = {
				ASSETCATALOG_COMPILER_APPICON_NAME = AppIcon;
				ASSETCATALOG_COMPILER_GLOBAL_ACCENT_COLOR_NAME = AccentColor;
				CURRENT_PROJECT_VERSION = 1;
				GENERATE_INFOPLIST_FILE = YES;
				INFOPLIST_FILE = EmojiMixer/Info.plist;
				INFOPLIST_KEY_UIApplicationSupportsIndirectInputEvents = YES;
				INFOPLIST_KEY_UILaunchStoryboardName = LaunchScreen;
				INFOPLIST_KEY_UIMainStoryboardFile = Main;
				INFOPLIST_KEY_UISupportedInterfaceOrientations_iPad = "UIInterfaceOrientationPortrait UIInterfaceOrientationPortraitUpsideDown UIInterfaceOrientationLandscapeLeft UIInterfaceOrientationLandscapeRight";
				INFOPLIST_KEY_UISupportedInterfaceOrientations_iPhone = "UIInterfaceOrientationPortrait UIInterfaceOrientationLandscapeLeft UIInterfaceOrientationLandscapeRight";
				LD_RUNPATH_SEARCH_PATHS = "$(inherited) @executable_path/Frameworks";
				MARKETING_VERSION = 1.0;
				PRODUCT_BUNDLE_IDENTIFIER = team.appto.EmojiMixer;
				PRODUCT_NAME = "$(TARGET_NAME)";
				SWIFT_EMIT_LOC_STRINGS = YES;
				SWIFT_VERSION = 5.0;
				TARGETED_DEVICE_FAMILY = "1,2";
			};
			name = Debug;
		};
		FB30E61281CD8DD0F037BC3B /* Release */ = {
			isa = XCBuildConfiguration;
			buildSettings = {
				ALWAYS_SEARCH_USER_PATHS = NO;
				CLANG_ANALYZER_NONNULL = YES;
				CLANG_ANALYZER_NUMBER_OBJECT_CONVERSION = YES_AGGRESSIVE;
				CLANG_CXX_LANGUAGE_STANDARD = "gnu++20";
				CLANG_ENABLE_MODULES = YES;
				CLANG_ENABLE_OBJC_ARC = YES;
				CLANG_ENABLE_OBJC_WEAK = YES;
				CLANG_WARN_BLOCK_CAPTURE_AUTORELEASING = YES;
				CLANG_WARN_BOOL_CONVERSION = YES;
				CLANG_WARN_COMMA = YES;
				CLANG_WARN_CONSTANT_CONVERSION = YES;
				CLANG_WARN_DEPRECATED_OBJC_IMPLEMENTATIONS = YES;
				CLANG_WARN_DIRECT_OBJC_ISA_USAGE = YES_ERROR;
				CLANG_WARN_DOCUMENTATION_COMMENTS = YES;
				CLANG_WARN_EMPTY_BODY = YES;
				CLANG_WARN_ENUM_CONVERSION = YES;
				CLANG_WARN_INFINITE_RECURSION = YES;
				CLANG_WARN_INT_CONVERSION = YES;
				CLANG_WARN_NON_LITERAL_NULL_CONVERSION = YES;
				CLANG_WARN_OBJC_IMPLICIT_RETAIN_SELF = YES;
				CLANG_WARN_OBJC_LITERAL_CONVERSION = YES;
				CLANG_WARN_OBJC_ROOT_CLASS = YES_ERROR;
				CLANG_WARN_QUOTED_INCLUDE_IN_FRAMEWORK_HEADER = YES;
				CLANG_WARN_RANGE_LOOP_ANALYSIS = YES;
				CLANG_WARN_STRICT_PROTOTYPES = YES;
				CLANG_WARN_SUSPICIOUS_MOVE = YES;
				CLANG_WARN_UNGUARDED_AVAILABILITY = YES_AGGRESSIVE;
				CLANG_WARN_UNREACHABLE_CODE = YES;
				CLANG_WARN__DUPLICATE_METHOD_MATCH = YES;
				COPY_PHASE_STRIP = NO;
				DEBUG_INFORMATION_FORMAT = "dwarf-with-dsym";
				ENABLE_NS_ASSERTIONS = NO;
				ENABLE_STRICT_OBJC_MSGSEND = YES;
				GCC_C_LANGUAGE_STANDARD = gnu11;
				GCC_NO_COMMON_BLOCKS = YES;
				GCC_WARN_64_TO_32_BIT_CONVERSION = YES;
				GCC_WARN_ABOUT_RETURN_TYPE = YES_ERROR;
				GCC_WARN_UNDECLARED_SELECTOR = YES;
				GCC_WARN_UNINITIALIZED_AUTOS = YES_AGGRESSIVE;
				GCC_WARN_UNUSED_FUNCTION = YES;
				GCC_WARN_UNUSED_VARIABLE = YES;
				IPHONEOS_DEPLOYMENT_TARGET = 16.2;
				MTL_ENABLE_DEBUG_INFO = NO;
				MTL_FAST_MATH = YES;
				SDKROOT = iphoneos;
				SWIFT_COMPILATION_MODE = wholemodule;
				SWIFT_OPTIMIZATION_LEVEL = "-O";
				VALIDATE_PRODUCT = YES;
			};
			name = Release;
		};
		FB30E725ECE411CC4C74684B /* Debug */ = {
			isa = XCBuildConfiguration;
			buildSettings = {
				ALWAYS_SEARCH_USER_PATHS = NO;
				CLANG_ANALYZER_NONNULL = YES;
				CLANG_ANALYZER_NUMBER_OBJECT_CONVERSION = YES_AGGRESSIVE;
				CLANG_CXX_LANGUAGE_STANDARD = "gnu++20";
				CLANG_ENABLE_MODULES = YES;
				CLANG_ENABLE_OBJC_ARC = YES;
				CLANG_ENABLE_OBJC_WEAK = YES;
				CLANG_WARN_BLOCK_CAPTURE_AUTORELEASING = YES;
				CLANG_WARN_BOOL_CONVERSION = YES;
				CLANG_WARN_COMMA = YES;
				CLANG_WARN_CONSTANT_CONVERSION = YES;
				CLANG_WARN_DEPRECATED_OBJC_IMPLEMENTATIONS = YES;
				CLANG_WARN_DIRECT_OBJC_ISA_USAGE = YES_ERROR;
				CLANG_WARN_DOCUMENTATION_COMMENTS = YES;
				CLANG_WARN_EMPTY_BODY = YES;
				CLANG_WARN_ENUM_CONVERSION = YES;
				CLANG_WARN_INFINITE_RECURSION = YES;
				CLANG_WARN_INT_CONVERSION = YES;
				CLANG_WARN_NON_LITERAL_NULL_CONVERSION = YES;
				CLANG_WARN_OBJC_IMPLICIT_RETAIN_SELF = YES;
				CLANG_WARN_OBJC_LITERAL_CONVERSION = YES;
				CLANG_WARN_OBJC_ROOT_CLASS = YES_ERROR;
				CLANG_WARN_QUOTED_INCLUDE_IN_FRAMEWORK_HEADER = YES;
				CLANG_WARN_RANGE_LOOP_ANALYSIS = YES;
				CLANG_WARN_STRICT_PROTOTYPES = YES;
				CLANG_WARN_SUSPICIOUS_MOVE = YES;
				CLANG_WARN_UNGUARDED_AVAILABILITY = YES_AGGRESSIVE;
				CLANG_WARN_UNREACHABLE_CODE = YES;
				CLANG_WARN__DUPLICATE_METHOD_MATCH = YES;
				COPY_PHASE_STRIP = NO;
				DEBUG_INFORMATION_FORMAT = dwarf;
				ENABLE_STRICT_OBJC_MSGSEND = YES;
				ENABLE_TESTABILITY = YES;
				GCC_C_LANGUAGE_STANDARD = gnu11;
				GCC_DYNAMIC_NO_PIC = NO;
				GCC_NO_COMMON_BLOCKS = YES;
				GCC_OPTIMIZATION_LEVEL = 0;
				GCC_PREPROCESSOR_DEFINITIONS = (
					"DEBUG=1",
					"$(inherited)",
				);
				GCC_WARN_64_TO_32_BIT_CONVERSION = YES;
				GCC_WARN_ABOUT_RETURN_TYPE = YES_ERROR;
				GCC_WARN_UNDECLARED_SELECTOR = YES;
				GCC_WARN_UNINITIALIZED_AUTOS = YES_AGGRESSIVE;
				GCC_WARN_UNUSED_FUNCTION = YES;
				GCC_WARN_UNUSED_VARIABLE = YES;
				IPHONEOS_DEPLOYMENT_TARGET = 16.2;
				MTL_ENABLE_DEBUG_INFO = INCLUDE_SOURCE;
				MTL_FAST_MATH = YES;
				ONLY_ACTIVE_ARCH = YES;
				SDKROOT = iphoneos;
				SWIFT_ACTIVE_COMPILATION_CONDITIONS = DEBUG;
				SWIFT_OPTIMIZATION_LEVEL = "-Onone";
			};
			name = Debug;
		};
		FB30EEB561DF561222297974 /* Release */ = {
			isa = XCBuildConfiguration;
			buildSettings = {
				ASSETCATALOG_COMPILER_APPICON_NAME = AppIcon;
				ASSETCATALOG_COMPILER_GLOBAL_ACCENT_COLOR_NAME = AccentColor;
				CURRENT_PROJECT_VERSION = 1;
				GENERATE_INFOPLIST_FILE = YES;
				INFOPLIST_FILE = EmojiMixer/Info.plist;
				INFOPLIST_KEY_UIApplicationSupportsIndirectInputEvents = YES;
				INFOPLIST_KEY_UILaunchStoryboardName = LaunchScreen;
				INFOPLIST_KEY_UIMainStoryboardFile = Main;
				INFOPLIST_KEY_UISupportedInterfaceOrientations_iPad = "UIInterfaceOrientationPortrait UIInterfaceOrientationPortraitUpsideDown UIInterfaceOrientationLandscapeLeft UIInterfaceOrientationLandscapeRight";
				INFOPLIST_KEY_UISupportedInterfaceOrientations_iPhone = "UIInterfaceOrientationPortrait UIInterfaceOrientationLandscapeLeft UIInterfaceOrientationLandscapeRight";
				LD_RUNPATH_SEARCH_PATHS = "$(inherited) @executable_path/Frameworks";
				MARKETING_VERSION = 1.0;
				PRODUCT_BUNDLE_IDENTIFIER = team.appto.EmojiMixer;
				PRODUCT_NAME = "$(TARGET_NAME)";
				SWIFT_EMIT_LOC_STRINGS = YES;
				SWIFT_VERSION = 5.0;
				TARGETED_DEVICE_FAMILY = "1,2";
			};
			name = Release;
		};
/* End XCBuildConfiguration section */

/* Begin XCConfigurationList section */
		FB30E8E4C2756A75D7ACFC67 /* Build configuration list for PBXNativeTarget "EmojiMixer" */ = {
			isa = XCConfigurationList;
			buildConfigurations = (
				FB30E159A2A368177B8DD7AD /* Debug */,
				FB30EEB561DF561222297974 /* Release */,
			);
			defaultConfigurationIsVisible = 0;
		};
		FB30EA81C1FB31F70A2ACCEC /* Build configuration list for PBXProject "EmojiMixer" */ = {
			isa = XCConfigurationList;
			buildConfigurations = (
				FB30E725ECE411CC4C74684B /* Debug */,
				FB30E61281CD8DD0F037BC3B /* Release */,
			);
			defaultConfigurationIsVisible = 0;
			defaultConfigurationName = Release;
		};
/* End XCConfigurationList section */
	};
	rootObject = FB30ECF86313D17C880D77B4 /* Project object */;
}
